
Microsoft Visual Studio Solution File, Format Version 12.00
# Visual Studio Version 17
VisualStudioVersion = 17.0.31912.275
MinimumVisualStudioVersion = 10.0.40219.1
Project("{9A19103F-16F7-4668-BE54-9A1E7A4F7556}") = "GameLogic", "Game\GameLogic.csproj", "{96855340-2DDB-44C3-9FB8-A359B60103A9}"
EndProject
Project("{9A19103F-16F7-4668-BE54-9A1E7A4F7556}") = "GameLogic.Test", "GameLogic.Test\GameLogic.Test.csproj", "{86F98179-F296-4631-A927-F36EEA2A3C30}"
EndProject
Project("{9A19103F-16F7-4668-BE54-9A1E7A4F7556}") = "GameParser", "GameParser\GameParser.csproj", "{1CF62F15-9776-45D3-904A-D9166A69525C}"
EndProject
Project("{9A19103F-16F7-4668-BE54-9A1E7A4F7556}") = "GameParser.Test", "GameParser.Test\GameParser.Test.csproj", "{67D6AAD3-B865-462A-8461-B42014DE5ADB}"
EndProject
Project("{9A19103F-16F7-4668-BE54-9A1E7A4F7556}") = "GameLogic.FullGame.Test", "GameLogic.FullGame.Test\GameLogic.FullGame.Test.csproj", "{3D952549-2DDE-417D-9E62-7255F08940AE}"
EndProject
Project("{9A19103F-16F7-4668-BE54-9A1E7A4F7556}") = "BlazorWAChess", "BlazorWAChess\BlazorWAChess.csproj", "{AB4D154E-CD1F-422E-B690-8F5272A7AD04}"
EndProject
Global
	GlobalSection(SolutionConfigurationPlatforms) = preSolution
		Debug|Any CPU = Debug|Any CPU
		Release|Any CPU = Release|Any CPU
	EndGlobalSection
	GlobalSection(ProjectConfigurationPlatforms) = postSolution
		{96855340-2DDB-44C3-9FB8-A359B60103A9}.Debug|Any CPU.ActiveCfg = Debug|Any CPU
		{96855340-2DDB-44C3-9FB8-A359B60103A9}.Debug|Any CPU.Build.0 = Debug|Any CPU
		{96855340-2DDB-44C3-9FB8-A359B60103A9}.Release|Any CPU.ActiveCfg = Release|Any CPU
		{96855340-2DDB-44C3-9FB8-A359B60103A9}.Release|Any CPU.Build.0 = Release|Any CPU
		{86F98179-F296-4631-A927-F36EEA2A3C30}.Debug|Any CPU.ActiveCfg = Debug|Any CPU
		{86F98179-F296-4631-A927-F36EEA2A3C30}.Debug|Any CPU.Build.0 = Debug|Any CPU
		{86F98179-F296-4631-A927-F36EEA2A3C30}.Release|Any CPU.ActiveCfg = Release|Any CPU
		{86F98179-F296-4631-A927-F36EEA2A3C30}.Release|Any CPU.Build.0 = Release|Any CPU
		{1CF62F15-9776-45D3-904A-D9166A69525C}.Debug|Any CPU.ActiveCfg = Debug|Any CPU
		{1CF62F15-9776-45D3-904A-D9166A69525C}.Debug|Any CPU.Build.0 = Debug|Any CPU
		{1CF62F15-9776-45D3-904A-D9166A69525C}.Release|Any CPU.ActiveCfg = Release|Any CPU
		{1CF62F15-9776-45D3-904A-D9166A69525C}.Release|Any CPU.Build.0 = Release|Any CPU
		{67D6AAD3-B865-462A-8461-B42014DE5ADB}.Debug|Any CPU.ActiveCfg = Debug|Any CPU
		{67D6AAD3-B865-462A-8461-B42014DE5ADB}.Debug|Any CPU.Build.0 = Debug|Any CPU
		{67D6AAD3-B865-462A-8461-B42014DE5ADB}.Release|Any CPU.ActiveCfg = Release|Any CPU
		{67D6AAD3-B865-462A-8461-B42014DE5ADB}.Release|Any CPU.Build.0 = Release|Any CPU
		{3D952549-2DDE-417D-9E62-7255F08940AE}.Debug|Any CPU.ActiveCfg = Debug|Any CPU
		{3D952549-2DDE-417D-9E62-7255F08940AE}.Debug|Any CPU.Build.0 = Debug|Any CPU
		{3D952549-2DDE-417D-9E62-7255F08940AE}.Release|Any CPU.ActiveCfg = Release|Any CPU
		{3D952549-2DDE-417D-9E62-7255F08940AE}.Release|Any CPU.Build.0 = Release|Any CPU
		{AB4D154E-CD1F-422E-B690-8F5272A7AD04}.Debug|Any CPU.ActiveCfg = Debug|Any CPU
		{AB4D154E-CD1F-422E-B690-8F5272A7AD04}.Debug|Any CPU.Build.0 = Debug|Any CPU
		{AB4D154E-CD1F-422E-B690-8F5272A7AD04}.Release|Any CPU.ActiveCfg = Release|Any CPU
		{AB4D154E-CD1F-422E-B690-8F5272A7AD04}.Release|Any CPU.Build.0 = Release|Any CPU
	EndGlobalSection
	GlobalSection(SolutionProperties) = preSolution
		HideSolutionNode = FALSE
	EndGlobalSection
	GlobalSection(ExtensibilityGlobals) = postSolution
		SolutionGuid = {C06250C8-EAC4-44FE-B3E2-B7BE2C4DE1D9}
	EndGlobalSection
EndGlobal
